
Microsoft Visual Studio Solution File, Format Version 12.00
# Visual Studio Version 16
VisualStudioVersion = 16.0.31112.23
MinimumVisualStudioVersion = 10.0.40219.1
Project("{FAE04EC0-301F-11D3-BF4B-00C04F79EFBC}") = "sys_pr", "sys_pr.csproj", "{57B136AD-D209-4F00-B800-3E8731D89C1C}"
EndProject
Global
	GlobalSection(SolutionConfigurationPlatforms) = preSolution
		Debug|Any CPU = Debug|Any CPU
		Release|Any CPU = Release|Any CPU
	EndGlobalSection
	GlobalSection(ProjectConfigurationPlatforms) = postSolution
		{57B136AD-D209-4F00-B800-3E8731D89C1C}.Debug|Any CPU.ActiveCfg = Debug|Any CPU
		{57B136AD-D209-4F00-B800-3E8731D89C1C}.Debug|Any CPU.Build.0 = Debug|Any CPU
		{57B136AD-D209-4F00-B800-3E8731D89C1C}.Release|Any CPU.ActiveCfg = Release|Any CPU
		{57B136AD-D209-4F00-B800-3E8731D89C1C}.Release|Any CPU.Build.0 = Release|Any CPU
	EndGlobalSection
	GlobalSection(SolutionProperties) = preSolution
		HideSolutionNode = FALSE
	EndGlobalSection
	GlobalSection(ExtensibilityGlobals) = postSolution
		SolutionGuid = {67F9485C-098B-48E5-8A53-EC6AA6BA5161}
	EndGlobalSection
EndGlobal
